
Microsoft Visual Studio Solution File, Format Version 12.00
# Visual Studio Version 18
VisualStudioVersion = 18.0.11222.15 d18.0
MinimumVisualStudioVersion = 10.0.40219.1
Project("{9A19103F-16F7-4668-BE54-9A1E7A4F7556}") = "TamagotchiBot", "TamagotchiBot.csproj", "{AF79211C-A7F1-422A-A197-E3694F5FD1CF}"
EndProject
Global
	GlobalSection(SolutionConfigurationPlatforms) = preSolution
		Debug|Any CPU = Debug|Any CPU
		Debug-Hotfix|Any CPU = Debug-Hotfix|Any CPU
		Debug-Notify|Any CPU = Debug-Notify|Any CPU
		Release|Any CPU = Release|Any CPU
	EndGlobalSection
	GlobalSection(ProjectConfigurationPlatforms) = postSolution
		{AF79211C-A7F1-422A-A197-E3694F5FD1CF}.Debug|Any CPU.ActiveCfg = Debug|Any CPU
		{AF79211C-A7F1-422A-A197-E3694F5FD1CF}.Debug|Any CPU.Build.0 = Debug|Any CPU
		{AF79211C-A7F1-422A-A197-E3694F5FD1CF}.Debug-Hotfix|Any CPU.ActiveCfg = Debug-Hotfix|Any CPU
		{AF79211C-A7F1-422A-A197-E3694F5FD1CF}.Debug-Hotfix|Any CPU.Build.0 = Debug-Hotfix|Any CPU
		{AF79211C-A7F1-422A-A197-E3694F5FD1CF}.Debug-Notify|Any CPU.ActiveCfg = Debug-Notify|Any CPU
		{AF79211C-A7F1-422A-A197-E3694F5FD1CF}.Debug-Notify|Any CPU.Build.0 = Debug-Notify|Any CPU
		{AF79211C-A7F1-422A-A197-E3694F5FD1CF}.Release|Any CPU.ActiveCfg = Release|Any CPU
		{AF79211C-A7F1-422A-A197-E3694F5FD1CF}.Release|Any CPU.Build.0 = Release|Any CPU
	EndGlobalSection
	GlobalSection(SolutionProperties) = preSolution
		HideSolutionNode = FALSE
	EndGlobalSection
	GlobalSection(ExtensibilityGlobals) = postSolution
		SolutionGuid = {CA526728-884A-46A9-B3E5-DB70859CBA4C}
	EndGlobalSection
EndGlobal
